
Microsoft Visual Studio Solution File, Format Version 12.00
# Visual Studio 2013
VisualStudioVersion = 12.0.21005.1
MinimumVisualStudioVersion = 10.0.40219.1
Project("{FAE04EC0-301F-11D3-BF4B-00C04F79EFBC}") = "Nauplius.SharePoint.CrawlTarget", "Nauplius.SharePoint.CrawlTarget\Nauplius.SharePoint.CrawlTarget.csproj", "{426ACA4A-0D2C-47B9-B7BE-762ADAAE2A52}"
EndProject
Global
	GlobalSection(TeamFoundationVersionControl) = preSolution
		SccNumberOfProjects = 2
		SccEnterpriseProvider = {4CA58AB2-18FA-4F8D-95D4-32DDF27D184C}
		SccTeamFoundationServer = https://tfs.codeplex.com/tfs/tfs03
		SccLocalPath0 = .
		SccProjectUniqueName1 = Nauplius.SharePoint.CrawlTarget\\Nauplius.SharePoint.CrawlTarget.csproj
		SccProjectName1 = Nauplius.SharePoint.CrawlTarget
		SccLocalPath1 = Nauplius.SharePoint.CrawlTarget
	EndGlobalSection
	GlobalSection(SolutionConfigurationPlatforms) = preSolution
		Debug|Any CPU = Debug|Any CPU
		Release|Any CPU = Release|Any CPU
	EndGlobalSection
	GlobalSection(ProjectConfigurationPlatforms) = postSolution
		{426ACA4A-0D2C-47B9-B7BE-762ADAAE2A52}.Debug|Any CPU.ActiveCfg = Debug|Any CPU
		{426ACA4A-0D2C-47B9-B7BE-762ADAAE2A52}.Debug|Any CPU.Build.0 = Debug|Any CPU
		{426ACA4A-0D2C-47B9-B7BE-762ADAAE2A52}.Debug|Any CPU.Deploy.0 = Debug|Any CPU
		{426ACA4A-0D2C-47B9-B7BE-762ADAAE2A52}.Release|Any CPU.ActiveCfg = Release|Any CPU
		{426ACA4A-0D2C-47B9-B7BE-762ADAAE2A52}.Release|Any CPU.Build.0 = Release|Any CPU
		{426ACA4A-0D2C-47B9-B7BE-762ADAAE2A52}.Release|Any CPU.Deploy.0 = Release|Any CPU
	EndGlobalSection
	GlobalSection(SolutionProperties) = preSolution
		HideSolutionNode = FALSE
	EndGlobalSection
EndGlobal
